
Microsoft Visual Studio Solution File, Format Version 12.00
# Visual Studio Version 16
VisualStudioVersion = 16.0.29424.173
MinimumVisualStudioVersion = 10.0.40219.1
Project("{FAE04EC0-301F-11D3-BF4B-00C04F79EFBC}") = "NorthwindNetCoreApp", "NorthwindNetCoreApp.csproj", "{A481ED49-A87D-4006-B17D-15468C92BEA0}"
EndProject
Global
	GlobalSection(SolutionConfigurationPlatforms) = preSolution
		Debug|Any CPU = Debug|Any CPU
		Release|Any CPU = Release|Any CPU
	EndGlobalSection
	GlobalSection(ProjectConfigurationPlatforms) = postSolution
		{A481ED49-A87D-4006-B17D-15468C92BEA0}.Debug|Any CPU.ActiveCfg = Debug|Any CPU
		{A481ED49-A87D-4006-B17D-15468C92BEA0}.Debug|Any CPU.Build.0 = Debug|Any CPU
		{A481ED49-A87D-4006-B17D-15468C92BEA0}.Release|Any CPU.ActiveCfg = Release|Any CPU
		{A481ED49-A87D-4006-B17D-15468C92BEA0}.Release|Any CPU.Build.0 = Release|Any CPU
	EndGlobalSection
	GlobalSection(SolutionProperties) = preSolution
		HideSolutionNode = FALSE
	EndGlobalSection
	GlobalSection(ExtensibilityGlobals) = postSolution
		SolutionGuid = {1C46A180-4282-44D5-94DC-89BD3EF57481}
	EndGlobalSection
EndGlobal
